
Microsoft Visual Studio Solution File, Format Version 12.00
# Visual Studio Version 17
VisualStudioVersion = 17.9.34728.123
MinimumVisualStudioVersion = 10.0.40219.1
Project("{FAE04EC0-301F-11D3-BF4B-00C04F79EFBC}") = "BookManagement", "BookManagement\BookManagement.csproj", "{A3B95904-D858-44CE-A3A5-00653271CD0C}"
EndProject
Global
	GlobalSection(SolutionConfigurationPlatforms) = preSolution
		Debug|Any CPU = Debug|Any CPU
		Release|Any CPU = Release|Any CPU
	EndGlobalSection
	GlobalSection(ProjectConfigurationPlatforms) = postSolution
		{A3B95904-D858-44CE-A3A5-00653271CD0C}.Debug|Any CPU.ActiveCfg = Debug|Any CPU
		{A3B95904-D858-44CE-A3A5-00653271CD0C}.Debug|Any CPU.Build.0 = Debug|Any CPU
		{A3B95904-D858-44CE-A3A5-00653271CD0C}.Release|Any CPU.ActiveCfg = Release|Any CPU
		{A3B95904-D858-44CE-A3A5-00653271CD0C}.Release|Any CPU.Build.0 = Release|Any CPU
	EndGlobalSection
	GlobalSection(SolutionProperties) = preSolution
		HideSolutionNode = FALSE
	EndGlobalSection
	GlobalSection(ExtensibilityGlobals) = postSolution
		SolutionGuid = {8429416B-9932-4D56-A9C9-9C83236C4B56}
	EndGlobalSection
EndGlobal
